
Microsoft Visual Studio Solution File, Format Version 12.00
# Visual Studio Version 17
VisualStudioVersion = 17.6.33829.357
MinimumVisualStudioVersion = 10.0.40219.1
Project("{FAE04EC0-301F-11D3-BF4B-00C04F79EFBC}") = "Inscricao&Matricula", "Inscricao&Matricula\Inscricao&Matricula.csproj", "{4AE9B4C0-88AA-4F19-A1D6-E3D4C1E0422E}"
EndProject
Global
	GlobalSection(SolutionConfigurationPlatforms) = preSolution
		Debug|Any CPU = Debug|Any CPU
		Release|Any CPU = Release|Any CPU
	EndGlobalSection
	GlobalSection(ProjectConfigurationPlatforms) = postSolution
		{4AE9B4C0-88AA-4F19-A1D6-E3D4C1E0422E}.Debug|Any CPU.ActiveCfg = Debug|Any CPU
		{4AE9B4C0-88AA-4F19-A1D6-E3D4C1E0422E}.Debug|Any CPU.Build.0 = Debug|Any CPU
		{4AE9B4C0-88AA-4F19-A1D6-E3D4C1E0422E}.Release|Any CPU.ActiveCfg = Release|Any CPU
		{4AE9B4C0-88AA-4F19-A1D6-E3D4C1E0422E}.Release|Any CPU.Build.0 = Release|Any CPU
	EndGlobalSection
	GlobalSection(SolutionProperties) = preSolution
		HideSolutionNode = FALSE
	EndGlobalSection
	GlobalSection(ExtensibilityGlobals) = postSolution
		SolutionGuid = {2AA54C72-DAC2-4667-BF23-E56467FF44B8}
	EndGlobalSection
EndGlobal
